// !$*UTF8*$!
{
	archiveVersion = 1;
	classes = {
	};
	objectVersion = 51;
	objects = {

/* Begin PBXBuildFile section */
		061FE07445C2E1BE2105384D /* Pods_GCDWebServer_EmbeddedTests.framework in Frameworks */ = {isa = PBXBuildFile; fileRef = FD796CD96B778163D1B87159 /* Pods_GCDWebServer_EmbeddedTests.framework */; };
		3B62EBFD543159816EAE291F /* Pods_GCDWebServer_Embedded.framework in Frameworks */ = {isa = PBXBuildFile; fileRef = C510E3293F9D8C9C33A03694 /* Pods_GCDWebServer_Embedded.framework */; };
		453CD3D6674A45CE3A9AC851 /* Pods_GCDWebServer_Embedded_GCDWebServer_EmbeddedUITests.framework in Frameworks */ = {isa = PBXBuildFile; fileRef = F58B0E492620EEBA97789EAD /* Pods_GCDWebServer_Embedded_GCDWebServer_EmbeddedUITests.framework */; };
		980F8CFD240D047E007AD962 /* AppDelegate.swift in Sources */ = {isa = PBXBuildFile; fileRef = 980F8CFC240D047E007AD962 /* AppDelegate.swift */; };
		980F8CFF240D047E007AD962 /* SceneDelegate.swift in Sources */ = {isa = PBXBuildFile; fileRef = 980F8CFE240D047E007AD962 /* SceneDelegate.swift */; };
		980F8D01240D047E007AD962 /* ViewController.swift in Sources */ = {isa = PBXBuildFile; fileRef = 980F8D00240D047E007AD962 /* ViewController.swift */; };
		980F8D04240D047E007AD962 /* Main.storyboard in Resources */ = {isa = PBXBuildFile; fileRef = 980F8D02240D047E007AD962 /* Main.storyboard */; };
		980F8D06240D047F007AD962 /* Assets.xcassets in Resources */ = {isa = PBXBuildFile; fileRef = 980F8D05240D047F007AD962 /* Assets.xcassets */; };
		980F8D09240D047F007AD962 /* LaunchScreen.storyboard in Resources */ = {isa = PBXBuildFile; fileRef = 980F8D07240D047F007AD962 /* LaunchScreen.storyboard */; };
		980F8D14240D0480007AD962 /* GCDWebServer_EmbeddedTests.swift in Sources */ = {isa = PBXBuildFile; fileRef = 980F8D13240D0480007AD962 /* GCDWebServer_EmbeddedTests.swift */; };
		980F8D1F240D0480007AD962 /* GCDWebServer_EmbeddedUITests.swift in Sources */ = {isa = PBXBuildFile; fileRef = 980F8D1E240D0480007AD962 /* GCDWebServer_EmbeddedUITests.swift */; };
		98D723C2240D0A03003FDC79 /* Webserver.swift in Sources */ = {isa = PBXBuildFile; fileRef = 98D723C1240D0A03003FDC79 /* Webserver.swift */; };
		98D723C3240D0E0C003FDC79 /* Webserver.swift in Sources */ = {isa = PBXBuildFile; fileRef = 98D723C1240D0A03003FDC79 /* Webserver.swift */; };
/* End PBXBuildFile section */

/* Begin PBXContainerItemProxy section */
		980F8D10240D0480007AD962 /* PBXContainerItemProxy */ = {
			isa = PBXContainerItemProxy;
			containerPortal = 980F8CF1240D047E007AD962 /* Project object */;
			proxyType = 1;
			remoteGlobalIDString = 980F8CF8240D047E007AD962;
			remoteInfo = GCDWebServer_Embedded;
		};
		980F8D1B240D0480007AD962 /* PBXContainerItemProxy */ = {
			isa = PBXContainerItemProxy;
			containerPortal = 980F8CF1240D047E007AD962 /* Project object */;
			proxyType = 1;
			remoteGlobalIDString = 980F8CF8240D047E007AD962;
			remoteInfo = GCDWebServer_Embedded;
		};
/* End PBXContainerItemProxy section */

/* Begin PBXFileReference section */
		16FFE90C532D7D17B8E10893 /* Pods-GCDWebServer_EmbeddedTests.release.xcconfig */ = {isa = PBXFileReference; includeInIndex = 1; lastKnownFileType = text.xcconfig; name = "Pods-GCDWebServer_EmbeddedTests.release.xcconfig"; path = "Target Support Files/Pods-GCDWebServer_EmbeddedTests/Pods-GCDWebServer_EmbeddedTests.release.xcconfig"; sourceTree = "<group>"; };
		23DE2C98054EA7509D3DE6FC /* Pods-GCDWebServer_Embedded-GCDWebServer_EmbeddedUITests.debug.xcconfig */ = {isa = PBXFileReference; includeInIndex = 1; lastKnownFileType = text.xcconfig; name = "Pods-GCDWebServer_Embedded-GCDWebServer_EmbeddedUITests.debug.xcconfig"; path = "Target Support Files/Pods-GCDWebServer_Embedded-GCDWebServer_EmbeddedUITests/Pods-GCDWebServer_Embedded-GCDWebServer_EmbeddedUITests.debug.xcconfig"; sourceTree = "<group>"; };
		607106E3059DEAB5F2429F64 /* Pods-GCDWebServer_Embedded-GCDWebServer_EmbeddedUITests.release.xcconfig */ = {isa = PBXFileReference; includeInIndex = 1; lastKnownFileType = text.xcconfig; name = "Pods-GCDWebServer_Embedded-GCDWebServer_EmbeddedUITests.release.xcconfig"; path = "Target Support Files/Pods-GCDWebServer_Embedded-GCDWebServer_EmbeddedUITests/Pods-GCDWebServer_Embedded-GCDWebServer_EmbeddedUITests.release.xcconfig"; sourceTree = "<group>"; };
		72E7AE7F7482F16A6DB28BDF /* Pods-GCDWebServer_EmbeddedTests.debug.xcconfig */ = {isa = PBXFileReference; includeInIndex = 1; lastKnownFileType = text.xcconfig; name = "Pods-GCDWebServer_EmbeddedTests.debug.xcconfig"; path = "Target Support Files/Pods-GCDWebServer_EmbeddedTests/Pods-GCDWebServer_EmbeddedTests.debug.xcconfig"; sourceTree = "<group>"; };
		962323AA39A75166B04E78C8 /* Pods-GCDWebServer_Embedded.release.xcconfig */ = {isa = PBXFileReference; includeInIndex = 1; lastKnownFileType = text.xcconfig; name = "Pods-GCDWebServer_Embedded.release.xcconfig"; path = "Target Support Files/Pods-GCDWebServer_Embedded/Pods-GCDWebServer_Embedded.release.xcconfig"; sourceTree = "<group>"; };
		980F8CF9240D047E007AD962 /* GCDWebServer_Embedded.app */ = {isa = PBXFileReference; explicitFileType = wrapper.application; includeInIndex = 0; path = GCDWebServer_Embedded.app; sourceTree = BUILT_PRODUCTS_DIR; };
		980F8CFC240D047E007AD962 /* AppDelegate.swift */ = {isa = PBXFileReference; lastKnownFileType = sourcecode.swift; path = AppDelegate.swift; sourceTree = "<group>"; };
		980F8CFE240D047E007AD962 /* SceneDelegate.swift */ = {isa = PBXFileReference; lastKnownFileType = sourcecode.swift; path = SceneDelegate.swift; sourceTree = "<group>"; };
		980F8D00240D047E007AD962 /* ViewController.swift */ = {isa = PBXFileReference; lastKnownFileType = sourcecode.swift; path = ViewController.swift; sourceTree = "<group>"; };
		980F8D03240D047E007AD962 /* Base */ = {isa = PBXFileReference; lastKnownFileType = file.storyboard; name = Base; path = Base.lproj/Main.storyboard; sourceTree = "<group>"; };
		980F8D05240D047F007AD962 /* Assets.xcassets */ = {isa = PBXFileReference; lastKnownFileType = folder.assetcatalog; path = Assets.xcassets; sourceTree = "<group>"; };
		980F8D08240D047F007AD962 /* Base */ = {isa = PBXFileReference; lastKnownFileType = file.storyboard; name = Base; path = Base.lproj/LaunchScreen.storyboard; sourceTree = "<group>"; };
		980F8D0A240D047F007AD962 /* Info.plist */ = {isa = PBXFileReference; lastKnownFileType = text.plist.xml; path = Info.plist; sourceTree = "<group>"; };
		980F8D0F240D0480007AD962 /* GCDWebServer_EmbeddedTests.xctest */ = {isa = PBXFileReference; explicitFileType = wrapper.cfbundle; includeInIndex = 0; path = GCDWebServer_EmbeddedTests.xctest; sourceTree = BUILT_PRODUCTS_DIR; };
		980F8D13240D0480007AD962 /* GCDWebServer_EmbeddedTests.swift */ = {isa = PBXFileReference; lastKnownFileType = sourcecode.swift; path = GCDWebServer_EmbeddedTests.swift; sourceTree = "<group>"; };
		980F8D15240D0480007AD962 /* Info.plist */ = {isa = PBXFileReference; lastKnownFileType = text.plist.xml; path = Info.plist; sourceTree = "<group>"; };
		980F8D1A240D0480007AD962 /* GCDWebServer_EmbeddedUITests.xctest */ = {isa = PBXFileReference; explicitFileType = wrapper.cfbundle; includeInIndex = 0; path = GCDWebServer_EmbeddedUITests.xctest; sourceTree = BUILT_PRODUCTS_DIR; };
		980F8D1E240D0480007AD962 /* GCDWebServer_EmbeddedUITests.swift */ = {isa = PBXFileReference; lastKnownFileType = sourcecode.swift; path = GCDWebServer_EmbeddedUITests.swift; sourceTree = "<group>"; };
		980F8D20240D0480007AD962 /* Info.plist */ = {isa = PBXFileReference; lastKnownFileType = text.plist.xml; path = Info.plist; sourceTree = "<group>"; };
		98D723C1240D0A03003FDC79 /* Webserver.swift */ = {isa = PBXFileReference; lastKnownFileType = sourcecode.swift; path = Webserver.swift; sourceTree = "<group>"; };
		B61EA11740117152224B358A /* Pods-GCDWebServer_Embedded.debug.xcconfig */ = {isa = PBXFileReference; includeInIndex = 1; lastKnownFileType = text.xcconfig; name = "Pods-GCDWebServer_Embedded.debug.xcconfig"; path = "Target Support Files/Pods-GCDWebServer_Embedded/Pods-GCDWebServer_Embedded.debug.xcconfig"; sourceTree = "<group>"; };
		C510E3293F9D8C9C33A03694 /* Pods_GCDWebServer_Embedded.framework */ = {isa = PBXFileReference; explicitFileType = wrapper.framework; includeInIndex = 0; path = Pods_GCDWebServer_Embedded.framework; sourceTree = BUILT_PRODUCTS_DIR; };
		F58B0E492620EEBA97789EAD /* Pods_GCDWebServer_Embedded_GCDWebServer_EmbeddedUITests.framework */ = {isa = PBXFileReference; explicitFileType = wrapper.framework; includeInIndex = 0; path = Pods_GCDWebServer_Embedded_GCDWebServer_EmbeddedUITests.framework; sourceTree = BUILT_PRODUCTS_DIR; };
		FD796CD96B778163D1B87159 /* Pods_GCDWebServer_EmbeddedTests.framework */ = {isa = PBXFileReference; explicitFileType = wrapper.framework; includeInIndex = 0; path = Pods_GCDWebServer_EmbeddedTests.framework; sourceTree = BUILT_PRODUCTS_DIR; };
/* End PBXFileReference section */

/* Begin PBXFrameworksBuildPhase section */
		980F8CF6240D047E007AD962 /* Frameworks */ = {
			isa = PBXFrameworksBuildPhase;
			buildActionMask = 2147483647;
			files = (
				3B62EBFD543159816EAE291F /* Pods_GCDWebServer_Embedded.framework in Frameworks */,
			);
			runOnlyForDeploymentPostprocessing = 0;
		};
		980F8D0C240D0480007AD962 /* Frameworks */ = {
			isa = PBXFrameworksBuildPhase;
			buildActionMask = 2147483647;
			files = (
				061FE07445C2E1BE2105384D /* Pods_GCDWebServer_EmbeddedTests.framework in Frameworks */,
			);
			runOnlyForDeploymentPostprocessing = 0;
		};
		980F8D17240D0480007AD962 /* Frameworks */ = {
			isa = PBXFrameworksBuildPhase;
			buildActionMask = 2147483647;
			files = (
				453CD3D6674A45CE3A9AC851 /* Pods_GCDWebServer_Embedded_GCDWebServer_EmbeddedUITests.framework in Frameworks */,
			);
			runOnlyForDeploymentPostprocessing = 0;
		};
/* End PBXFrameworksBuildPhase section */

/* Begin PBXGroup section */
		0D84D3A50CC42C2E60A8FD72 /* Frameworks */ = {
			isa = PBXGroup;
			children = (
				C510E3293F9D8C9C33A03694 /* Pods_GCDWebServer_Embedded.framework */,
				F58B0E492620EEBA97789EAD /* Pods_GCDWebServer_Embedded_GCDWebServer_EmbeddedUITests.framework */,
				FD796CD96B778163D1B87159 /* Pods_GCDWebServer_EmbeddedTests.framework */,
			);
			name = Frameworks;
			sourceTree = "<group>";
		};
		980F8CF0240D047E007AD962 = {
			isa = PBXGroup;
			children = (
				980F8CFB240D047E007AD962 /* GCDWebServer_Embedded */,
				980F8D12240D0480007AD962 /* GCDWebServer_EmbeddedTests */,
				980F8D1D240D0480007AD962 /* GCDWebServer_EmbeddedUITests */,
				980F8CFA240D047E007AD962 /* Products */,
				D3673B5B83B41C94563E9C49 /* Pods */,
				0D84D3A50CC42C2E60A8FD72 /* Frameworks */,
			);
			sourceTree = "<group>";
		};
		980F8CFA240D047E007AD962 /* Products */ = {
			isa = PBXGroup;
			children = (
				980F8CF9240D047E007AD962 /* GCDWebServer_Embedded.app */,
				980F8D0F240D0480007AD962 /* GCDWebServer_EmbeddedTests.xctest */,
				980F8D1A240D0480007AD962 /* GCDWebServer_EmbeddedUITests.xctest */,
			);
			name = Products;
			sourceTree = "<group>";
		};
		980F8CFB240D047E007AD962 /* GCDWebServer_Embedded */ = {
			isa = PBXGroup;
			children = (
				98D723C1240D0A03003FDC79 /* Webserver.swift */,
				980F8D00240D047E007AD962 /* ViewController.swift */,
				980F8D2D240D04C2007AD962 /* Storyboards */,
				980F8D2C240D0495007AD962 /* SupportingFiles */,
			);
			path = GCDWebServer_Embedded;
			sourceTree = "<group>";
		};
		980F8D12240D0480007AD962 /* GCDWebServer_EmbeddedTests */ = {
			isa = PBXGroup;
			children = (
				980F8D13240D0480007AD962 /* GCDWebServer_EmbeddedTests.swift */,
				980F8D15240D0480007AD962 /* Info.plist */,
			);
			path = GCDWebServer_EmbeddedTests;
			sourceTree = "<group>";
		};
		980F8D1D240D0480007AD962 /* GCDWebServer_EmbeddedUITests */ = {
			isa = PBXGroup;
			children = (
				980F8D1E240D0480007AD962 /* GCDWebServer_EmbeddedUITests.swift */,
				980F8D20240D0480007AD962 /* Info.plist */,
			);
			path = GCDWebServer_EmbeddedUITests;
			sourceTree = "<group>";
		};
		980F8D2C240D0495007AD962 /* SupportingFiles */ = {
			isa = PBXGroup;
			children = (
				980F8CFC240D047E007AD962 /* AppDelegate.swift */,
				980F8CFE240D047E007AD962 /* SceneDelegate.swift */,
				980F8D05240D047F007AD962 /* Assets.xcassets */,
				980F8D0A240D047F007AD962 /* Info.plist */,
			);
			path = SupportingFiles;
			sourceTree = "<group>";
		};
		980F8D2D240D04C2007AD962 /* Storyboards */ = {
			isa = PBXGroup;
			children = (
				980F8D02240D047E007AD962 /* Main.storyboard */,
				980F8D07240D047F007AD962 /* LaunchScreen.storyboard */,
			);
			path = Storyboards;
			sourceTree = "<group>";
		};
		D3673B5B83B41C94563E9C49 /* Pods */ = {
			isa = PBXGroup;
			children = (
				B61EA11740117152224B358A /* Pods-GCDWebServer_Embedded.debug.xcconfig */,
				962323AA39A75166B04E78C8 /* Pods-GCDWebServer_Embedded.release.xcconfig */,
				23DE2C98054EA7509D3DE6FC /* Pods-GCDWebServer_Embedded-GCDWebServer_EmbeddedUITests.debug.xcconfig */,
				607106E3059DEAB5F2429F64 /* Pods-GCDWebServer_Embedded-GCDWebServer_EmbeddedUITests.release.xcconfig */,
				72E7AE7F7482F16A6DB28BDF /* Pods-GCDWebServer_EmbeddedTests.debug.xcconfig */,
				16FFE90C532D7D17B8E10893 /* Pods-GCDWebServer_EmbeddedTests.release.xcconfig */,
			);
			path = Pods;
			sourceTree = "<group>";
		};
/* End PBXGroup section */

/* Begin PBXNativeTarget section */
		980F8CF8240D047E007AD962 /* GCDWebServer_Embedded */ = {
			isa = PBXNativeTarget;
			buildConfigurationList = 980F8D23240D0480007AD962 /* Build configuration list for PBXNativeTarget "GCDWebServer_Embedded" */;
			buildPhases = (
				323EB47191B113F1F16730EE /* [CP] Check Pods Manifest.lock */,
				980F8CF5240D047E007AD962 /* Sources */,
				980F8CF6240D047E007AD962 /* Frameworks */,
				980F8CF7240D047E007AD962 /* Resources */,
				F8CD67512EEC49A1A38252F8 /* [CP] Embed Pods Frameworks */,
			);
			buildRules = (
			);
			dependencies = (
			);
			name = GCDWebServer_Embedded;
			productName = GCDWebServer_Embedded;
			productReference = 980F8CF9240D047E007AD962 /* GCDWebServer_Embedded.app */;
			productType = "com.apple.product-type.application";
		};
		980F8D0E240D0480007AD962 /* GCDWebServer_EmbeddedTests */ = {
			isa = PBXNativeTarget;
			buildConfigurationList = 980F8D26240D0480007AD962 /* Build configuration list for PBXNativeTarget "GCDWebServer_EmbeddedTests" */;
			buildPhases = (
				B2F09510E84EBDA808BB3FE7 /* [CP] Check Pods Manifest.lock */,
				980F8D0B240D0480007AD962 /* Sources */,
				980F8D0C240D0480007AD962 /* Frameworks */,
				980F8D0D240D0480007AD962 /* Resources */,
			);
			buildRules = (
			);
			dependencies = (
				980F8D11240D0480007AD962 /* PBXTargetDependency */,
			);
			name = GCDWebServer_EmbeddedTests;
			productName = GCDWebServer_EmbeddedTests;
			productReference = 980F8D0F240D0480007AD962 /* GCDWebServer_EmbeddedTests.xctest */;
			productType = "com.apple.product-type.bundle.unit-test";
		};
		980F8D19240D0480007AD962 /* GCDWebServer_EmbeddedUITests */ = {
			isa = PBXNativeTarget;
			buildConfigurationList = 980F8D29240D0480007AD962 /* Build configuration list for PBXNativeTarget "GCDWebServer_EmbeddedUITests" */;
			buildPhases = (
				ED7AA49F770BAC5CD9600ABD /* [CP] Check Pods Manifest.lock */,
				980F8D16240D0480007AD962 /* Sources */,
				980F8D17240D0480007AD962 /* Frameworks */,
				980F8D18240D0480007AD962 /* Resources */,
				45B803606F3D1007CE8D287D /* [CP] Embed Pods Frameworks */,
			);
			buildRules = (
			);
			dependencies = (
				980F8D1C240D0480007AD962 /* PBXTargetDependency */,
			);
			name = GCDWebServer_EmbeddedUITests;
			productName = GCDWebServer_EmbeddedUITests;
			productReference = 980F8D1A240D0480007AD962 /* GCDWebServer_EmbeddedUITests.xctest */;
			productType = "com.apple.product-type.bundle.ui-testing";
		};
/* End PBXNativeTarget section */

/* Begin PBXProject section */
		980F8CF1240D047E007AD962 /* Project object */ = {
			isa = PBXProject;
			attributes = {
				LastSwiftUpdateCheck = 1130;
				LastUpgradeCheck = 1130;
				ORGANIZATIONNAME = "Emma Walker - TVandMobile Platforms - Core Engineering";
				TargetAttributes = {
					980F8CF8240D047E007AD962 = {
						CreatedOnToolsVersion = 11.3;
					};
					980F8D0E240D0480007AD962 = {
						CreatedOnToolsVersion = 11.3;
						TestTargetID = 980F8CF8240D047E007AD962;
					};
					980F8D19240D0480007AD962 = {
						CreatedOnToolsVersion = 11.3;
						TestTargetID = 980F8CF8240D047E007AD962;
					};
				};
			};
			buildConfigurationList = 980F8CF4240D047E007AD962 /* Build configuration list for PBXProject "GCDWebServer_Embedded" */;
			compatibilityVersion = "Xcode 9.3";
			developmentRegion = en;
			hasScannedForEncodings = 0;
			knownRegions = (
				en,
				Base,
			);
			mainGroup = 980F8CF0240D047E007AD962;
			productRefGroup = 980F8CFA240D047E007AD962 /* Products */;
			projectDirPath = "";
			projectRoot = "";
			targets = (
				980F8CF8240D047E007AD962 /* GCDWebServer_Embedded */,
				980F8D0E240D0480007AD962 /* GCDWebServer_EmbeddedTests */,
				980F8D19240D0480007AD962 /* GCDWebServer_EmbeddedUITests */,
			);
		};
/* End PBXProject section */

/* Begin PBXResourcesBuildPhase section */
		980F8CF7240D047E007AD962 /* Resources */ = {
			isa = PBXResourcesBuildPhase;
			buildActionMask = 2147483647;
			files = (
				980F8D09240D047F007AD962 /* LaunchScreen.storyboard in Resources */,
				980F8D06240D047F007AD962 /* Assets.xcassets in Resources */,
				980F8D04240D047E007AD962 /* Main.storyboard in Resources */,
			);
			runOnlyForDeploymentPostprocessing = 0;
		};
		980F8D0D240D0480007AD962 /* Resources */ = {
			isa = PBXResourcesBuildPhase;
			buildActionMask = 2147483647;
			files = (
			);
			runOnlyForDeploymentPostprocessing = 0;
		};
		980F8D18240D0480007AD962 /* Resources */ = {
			isa = PBXResourcesBuildPhase;
			buildActionMask = 2147483647;
			files = (
			);
			runOnlyForDeploymentPostprocessing = 0;
		};
/* End PBXResourcesBuildPhase section */

/* Begin PBXShellScriptBuildPhase section */
		323EB47191B113F1F16730EE /* [CP] Check Pods Manifest.lock */ = {
			isa = PBXShellScriptBuildPhase;
			buildActionMask = 2147483647;
			files = (
			);
			inputFileListPaths = (
			);
			inputPaths = (
				"${PODS_PODFILE_DIR_PATH}/Podfile.lock",
				"${PODS_ROOT}/Manifest.lock",
			);
			name = "[CP] Check Pods Manifest.lock";
			outputFileListPaths = (
			);
			outputPaths = (
				"$(DERIVED_FILE_DIR)/Pods-GCDWebServer_Embedded-checkManifestLockResult.txt",
			);
			runOnlyForDeploymentPostprocessing = 0;
			shellPath = /bin/sh;
			shellScript = "diff \"${PODS_PODFILE_DIR_PATH}/Podfile.lock\" \"${PODS_ROOT}/Manifest.lock\" > /dev/null\nif [ $? != 0 ] ; then\n    # print error to STDERR\n    echo \"error: The sandbox is not in sync with the Podfile.lock. Run 'pod install' or update your CocoaPods installation.\" >&2\n    exit 1\nfi\n# This output is used by Xcode 'outputs' to avoid re-running this script phase.\necho \"SUCCESS\" > \"${SCRIPT_OUTPUT_FILE_0}\"\n";
			showEnvVarsInLog = 0;
		};
		45B803606F3D1007CE8D287D /* [CP] Embed Pods Frameworks */ = {
			isa = PBXShellScriptBuildPhase;
			buildActionMask = 2147483647;
			files = (
			);
			inputFileListPaths = (
				"${PODS_ROOT}/Target Support Files/Pods-GCDWebServer_Embedded-GCDWebServer_EmbeddedUITests/Pods-GCDWebServer_Embedded-GCDWebServer_EmbeddedUITests-frameworks-${CONFIGURATION}-input-files.xcfilelist",
			);
			name = "[CP] Embed Pods Frameworks";
			outputFileListPaths = (
				"${PODS_ROOT}/Target Support Files/Pods-GCDWebServer_Embedded-GCDWebServer_EmbeddedUITests/Pods-GCDWebServer_Embedded-GCDWebServer_EmbeddedUITests-frameworks-${CONFIGURATION}-output-files.xcfilelist",
			);
			runOnlyForDeploymentPostprocessing = 0;
			shellPath = /bin/sh;
			shellScript = "\"${PODS_ROOT}/Target Support Files/Pods-GCDWebServer_Embedded-GCDWebServer_EmbeddedUITests/Pods-GCDWebServer_Embedded-GCDWebServer_EmbeddedUITests-frameworks.sh\"\n";
			showEnvVarsInLog = 0;
		};
		B2F09510E84EBDA808BB3FE7 /* [CP] Check Pods Manifest.lock */ = {
			isa = PBXShellScriptBuildPhase;
			buildActionMask = 2147483647;
			files = (
			);
			inputFileListPaths = (
			);
			inputPaths = (
				"${PODS_PODFILE_DIR_PATH}/Podfile.lock",
				"${PODS_ROOT}/Manifest.lock",
			);
			name = "[CP] Check Pods Manifest.lock";
			outputFileListPaths = (
			);
			outputPaths = (
				"$(DERIVED_FILE_DIR)/Pods-GCDWebServer_EmbeddedTests-checkManifestLockResult.txt",
			);
			runOnlyForDeploymentPostprocessing = 0;
			shellPath = /bin/sh;
			shellScript = "diff \"${PODS_PODFILE_DIR_PATH}/Podfile.lock\" \"${PODS_ROOT}/Manifest.lock\" > /dev/null\nif [ $? != 0 ] ; then\n    # print error to STDERR\n    echo \"error: The sandbox is not in sync with the Podfile.lock. Run 'pod install' or update your CocoaPods installation.\" >&2\n    exit 1\nfi\n# This output is used by Xcode 'outputs' to avoid re-running this script phase.\necho \"SUCCESS\" > \"${SCRIPT_OUTPUT_FILE_0}\"\n";
			showEnvVarsInLog = 0;
		};
		ED7AA49F770BAC5CD9600ABD /* [CP] Check Pods Manifest.lock */ = {
			isa = PBXShellScriptBuildPhase;
			buildActionMask = 2147483647;
			files = (
			);
			inputFileListPaths = (
			);
			inputPaths = (
				"${PODS_PODFILE_DIR_PATH}/Podfile.lock",
				"${PODS_ROOT}/Manifest.lock",
			);
			name = "[CP] Check Pods Manifest.lock";
			outputFileListPaths = (
			);
			outputPaths = (
				"$(DERIVED_FILE_DIR)/Pods-GCDWebServer_Embedded-GCDWebServer_EmbeddedUITests-checkManifestLockResult.txt",
			);
			runOnlyForDeploymentPostprocessing = 0;
			shellPath = /bin/sh;
			shellScript = "diff \"${PODS_PODFILE_DIR_PATH}/Podfile.lock\" \"${PODS_ROOT}/Manifest.lock\" > /dev/null\nif [ $? != 0 ] ; then\n    # print error to STDERR\n    echo \"error: The sandbox is not in sync with the Podfile.lock. Run 'pod install' or update your CocoaPods installation.\" >&2\n    exit 1\nfi\n# This output is used by Xcode 'outputs' to avoid re-running this script phase.\necho \"SUCCESS\" > \"${SCRIPT_OUTPUT_FILE_0}\"\n";
			showEnvVarsInLog = 0;
		};
		F8CD67512EEC49A1A38252F8 /* [CP] Embed Pods Frameworks */ = {
			isa = PBXShellScriptBuildPhase;
			buildActionMask = 2147483647;
			files = (
			);
			inputFileListPaths = (
				"${PODS_ROOT}/Target Support Files/Pods-GCDWebServer_Embedded/Pods-GCDWebServer_Embedded-frameworks-${CONFIGURATION}-input-files.xcfilelist",
			);
			name = "[CP] Embed Pods Frameworks";
			outputFileListPaths = (
				"${PODS_ROOT}/Target Support Files/Pods-GCDWebServer_Embedded/Pods-GCDWebServer_Embedded-frameworks-${CONFIGURATION}-output-files.xcfilelist",
			);
			runOnlyForDeploymentPostprocessing = 0;
			shellPath = /bin/sh;
			shellScript = "\"${PODS_ROOT}/Target Support Files/Pods-GCDWebServer_Embedded/Pods-GCDWebServer_Embedded-frameworks.sh\"\n";
			showEnvVarsInLog = 0;
		};
/* End PBXShellScriptBuildPhase section */

/* Begin PBXSourcesBuildPhase section */
		980F8CF5240D047E007AD962 /* Sources */ = {
			isa = PBXSourcesBuildPhase;
			buildActionMask = 2147483647;
			files = (
				980F8D01240D047E007AD962 /* ViewController.swift in Sources */,
				980F8CFD240D047E007AD962 /* AppDelegate.swift in Sources */,
				980F8CFF240D047E007AD962 /* SceneDelegate.swift in Sources */,
				98D723C2240D0A03003FDC79 /* Webserver.swift in Sources */,
			);
			runOnlyForDeploymentPostprocessing = 0;
		};
		980F8D0B240D0480007AD962 /* Sources */ = {
			isa = PBXSourcesBuildPhase;
			buildActionMask = 2147483647;
			files = (
				980F8D14240D0480007AD962 /* GCDWebServer_EmbeddedTests.swift in Sources */,
				98D723C3240D0E0C003FDC79 /* Webserver.swift in Sources */,
			);
			runOnlyForDeploymentPostprocessing = 0;
		};
		980F8D16240D0480007AD962 /* Sources */ = {
			isa = PBXSourcesBuildPhase;
			buildActionMask = 2147483647;
			files = (
				980F8D1F240D0480007AD962 /* GCDWebServer_EmbeddedUITests.swift in Sources */,
			);
			runOnlyForDeploymentPostprocessing = 0;
		};
/* End PBXSourcesBuildPhase section */

/* Begin PBXTargetDependency section */
		980F8D11240D0480007AD962 /* PBXTargetDependency */ = {
			isa = PBXTargetDependency;
			target = 980F8CF8240D047E007AD962 /* GCDWebServer_Embedded */;
			targetProxy = 980F8D10240D0480007AD962 /* PBXContainerItemProxy */;
		};
		980F8D1C240D0480007AD962 /* PBXTargetDependency */ = {
			isa = PBXTargetDependency;
			target = 980F8CF8240D047E007AD962 /* GCDWebServer_Embedded */;
			targetProxy = 980F8D1B240D0480007AD962 /* PBXContainerItemProxy */;
		};
/* End PBXTargetDependency section */

/* Begin PBXVariantGroup section */
		980F8D02240D047E007AD962 /* Main.storyboard */ = {
			isa = PBXVariantGroup;
			children = (
				980F8D03240D047E007AD962 /* Base */,
			);
			name = Main.storyboard;
			sourceTree = "<group>";
		};
		980F8D07240D047F007AD962 /* LaunchScreen.storyboard */ = {
			isa = PBXVariantGroup;
			children = (
				980F8D08240D047F007AD962 /* Base */,
			);
			name = LaunchScreen.storyboard;
			sourceTree = "<group>";
		};
/* End PBXVariantGroup section */

/* Begin XCBuildConfiguration section */
		980F8D21240D0480007AD962 /* Debug */ = {
			isa = XCBuildConfiguration;
			buildSettings = {
				ALWAYS_SEARCH_USER_PATHS = NO;
				CLANG_ANALYZER_NONNULL = YES;
				CLANG_ANALYZER_NUMBER_OBJECT_CONVERSION = YES_AGGRESSIVE;
				CLANG_CXX_LANGUAGE_STANDARD = "gnu++14";
				CLANG_CXX_LIBRARY = "libc++";
				CLANG_ENABLE_MODULES = YES;
				CLANG_ENABLE_OBJC_ARC = YES;
				CLANG_ENABLE_OBJC_WEAK = YES;
				CLANG_WARN_BLOCK_CAPTURE_AUTORELEASING = YES;
				CLANG_WARN_BOOL_CONVERSION = YES;
				CLANG_WARN_COMMA = YES;
				CLANG_WARN_CONSTANT_CONVERSION = YES;
				CLANG_WARN_DEPRECATED_OBJC_IMPLEMENTATIONS = YES;
				CLANG_WARN_DIRECT_OBJC_ISA_USAGE = YES_ERROR;
				CLANG_WARN_DOCUMENTATION_COMMENTS = YES;
				CLANG_WARN_EMPTY_BODY = YES;
				CLANG_WARN_ENUM_CONVERSION = YES;
				CLANG_WARN_INFINITE_RECURSION = YES;
				CLANG_WARN_INT_CONVERSION = YES;
				CLANG_WARN_NON_LITERAL_NULL_CONVERSION = YES;
				CLANG_WARN_OBJC_IMPLICIT_RETAIN_SELF = YES;
				CLANG_WARN_OBJC_LITERAL_CONVERSION = YES;
				CLANG_WARN_OBJC_ROOT_CLASS = YES_ERROR;
				CLANG_WARN_RANGE_LOOP_ANALYSIS = YES;
				CLANG_WARN_STRICT_PROTOTYPES = YES;
				CLANG_WARN_SUSPICIOUS_MOVE = YES;
				CLANG_WARN_UNGUARDED_AVAILABILITY = YES_AGGRESSIVE;
				CLANG_WARN_UNREACHABLE_CODE = YES;
				CLANG_WARN__DUPLICATE_METHOD_MATCH = YES;
				COPY_PHASE_STRIP = NO;
				DEBUG_INFORMATION_FORMAT = dwarf;
				ENABLE_STRICT_OBJC_MSGSEND = YES;
				ENABLE_TESTABILITY = YES;
				GCC_C_LANGUAGE_STANDARD = gnu11;
				GCC_DYNAMIC_NO_PIC = NO;
				GCC_NO_COMMON_BLOCKS = YES;
				GCC_OPTIMIZATION_LEVEL = 0;
				GCC_PREPROCESSOR_DEFINITIONS = (
					"DEBUG=1",
					"$(inherited)",
				);
				GCC_WARN_64_TO_32_BIT_CONVERSION = YES;
				GCC_WARN_ABOUT_RETURN_TYPE = YES_ERROR;
				GCC_WARN_UNDECLARED_SELECTOR = YES;
				GCC_WARN_UNINITIALIZED_AUTOS = YES_AGGRESSIVE;
				GCC_WARN_UNUSED_FUNCTION = YES;
				GCC_WARN_UNUSED_VARIABLE = YES;
				IPHONEOS_DEPLOYMENT_TARGET = 13.2;
				MTL_ENABLE_DEBUG_INFO = INCLUDE_SOURCE;
				MTL_FAST_MATH = YES;
				ONLY_ACTIVE_ARCH = YES;
				SDKROOT = iphoneos;
				SWIFT_ACTIVE_COMPILATION_CONDITIONS = DEBUG;
				SWIFT_OPTIMIZATION_LEVEL = "-Onone";
			};
			name = Debug;
		};
		980F8D22240D0480007AD962 /* Release */ = {
			isa = XCBuildConfiguration;
			buildSettings = {
				ALWAYS_SEARCH_USER_PATHS = NO;
				CLANG_ANALYZER_NONNULL = YES;
				CLANG_ANALYZER_NUMBER_OBJECT_CONVERSION = YES_AGGRESSIVE;
				CLANG_CXX_LANGUAGE_STANDARD = "gnu++14";
				CLANG_CXX_LIBRARY = "libc++";
				CLANG_ENABLE_MODULES = YES;
				CLANG_ENABLE_OBJC_ARC = YES;
				CLANG_ENABLE_OBJC_WEAK = YES;
				CLANG_WARN_BLOCK_CAPTURE_AUTORELEASING = YES;
				CLANG_WARN_BOOL_CONVERSION = YES;
				CLANG_WARN_COMMA = YES;
				CLANG_WARN_CONSTANT_CONVERSION = YES;
				CLANG_WARN_DEPRECATED_OBJC_IMPLEMENTATIONS = YES;
				CLANG_WARN_DIRECT_OBJC_ISA_USAGE = YES_ERROR;
				CLANG_WARN_DOCUMENTATION_COMMENTS = YES;
				CLANG_WARN_EMPTY_BODY = YES;
				CLANG_WARN_ENUM_CONVERSION = YES;
				CLANG_WARN_INFINITE_RECURSION = YES;
				CLANG_WARN_INT_CONVERSION = YES;
				CLANG_WARN_NON_LITERAL_NULL_CONVERSION = YES;
				CLANG_WARN_OBJC_IMPLICIT_RETAIN_SELF = YES;
				CLANG_WARN_OBJC_LITERAL_CONVERSION = YES;
				CLANG_WARN_OBJC_ROOT_CLASS = YES_ERROR;
				CLANG_WARN_RANGE_LOOP_ANALYSIS = YES;
				CLANG_WARN_STRICT_PROTOTYPES = YES;
				CLANG_WARN_SUSPICIOUS_MOVE = YES;
				CLANG_WARN_UNGUARDED_AVAILABILITY = YES_AGGRESSIVE;
				CLANG_WARN_UNREACHABLE_CODE = YES;
				CLANG_WARN__DUPLICATE_METHOD_MATCH = YES;
				COPY_PHASE_STRIP = NO;
				DEBUG_INFORMATION_FORMAT = "dwarf-with-dsym";
				ENABLE_NS_ASSERTIONS = NO;
				ENABLE_STRICT_OBJC_MSGSEND = YES;
				GCC_C_LANGUAGE_STANDARD = gnu11;
				GCC_NO_COMMON_BLOCKS = YES;
				GCC_WARN_64_TO_32_BIT_CONVERSION = YES;
				GCC_WARN_ABOUT_RETURN_TYPE = YES_ERROR;
				GCC_WARN_UNDECLARED_SELECTOR = YES;
				GCC_WARN_UNINITIALIZED_AUTOS = YES_AGGRESSIVE;
				GCC_WARN_UNUSED_FUNCTION = YES;
				GCC_WARN_UNUSED_VARIABLE = YES;
				IPHONEOS_DEPLOYMENT_TARGET = 13.2;
				MTL_ENABLE_DEBUG_INFO = NO;
				MTL_FAST_MATH = YES;
				SDKROOT = iphoneos;
				SWIFT_COMPILATION_MODE = wholemodule;
				SWIFT_OPTIMIZATION_LEVEL = "-O";
				VALIDATE_PRODUCT = YES;
			};
			name = Release;
		};
		980F8D24240D0480007AD962 /* Debug */ = {
			isa = XCBuildConfiguration;
			baseConfigurationReference = B61EA11740117152224B358A /* Pods-GCDWebServer_Embedded.debug.xcconfig */;
			buildSettings = {
				ASSETCATALOG_COMPILER_APPICON_NAME = AppIcon;
				CODE_SIGN_STYLE = Automatic;
				DEVELOPMENT_TEAM = Y983APTU2S;
				INFOPLIST_FILE = GCDWebServer_Embedded/SupportingFiles/Info.plist;
				LD_RUNPATH_SEARCH_PATHS = (
					"$(inherited)",
					"@executable_path/Frameworks",
				);
				PRODUCT_BUNDLE_IDENTIFIER = "uk.co.bbc.emma.walker02.GCDWebServer-Embedded";
				PRODUCT_NAME = "$(TARGET_NAME)";
				SWIFT_VERSION = 5.0;
				TARGETED_DEVICE_FAMILY = "1,2";
			};
			name = Debug;
		};
		980F8D25240D0480007AD962 /* Release */ = {
			isa = XCBuildConfiguration;
			baseConfigurationReference = 962323AA39A75166B04E78C8 /* Pods-GCDWebServer_Embedded.release.xcconfig */;
			buildSettings = {
				ASSETCATALOG_COMPILER_APPICON_NAME = AppIcon;
				CODE_SIGN_STYLE = Automatic;
				DEVELOPMENT_TEAM = Y983APTU2S;
				INFOPLIST_FILE = GCDWebServer_Embedded/SupportingFiles/Info.plist;
				LD_RUNPATH_SEARCH_PATHS = (
					"$(inherited)",
					"@executable_path/Frameworks",
				);
				PRODUCT_BUNDLE_IDENTIFIER = "uk.co.bbc.emma.walker02.GCDWebServer-Embedded";
				PRODUCT_NAME = "$(TARGET_NAME)";
				SWIFT_VERSION = 5.0;
				TARGETED_DEVICE_FAMILY = "1,2";
			};
			name = Release;
		};
		980F8D27240D0480007AD962 /* Debug */ = {
			isa = XCBuildConfiguration;
			baseConfigurationReference = 72E7AE7F7482F16A6DB28BDF /* Pods-GCDWebServer_EmbeddedTests.debug.xcconfig */;
			buildSettings = {
				ALWAYS_EMBED_SWIFT_STANDARD_LIBRARIES = YES;
				BUNDLE_LOADER = "$(TEST_HOST)";
				CODE_SIGN_STYLE = Automatic;
				DEVELOPMENT_TEAM = Y983APTU2S;
				INFOPLIST_FILE = GCDWebServer_EmbeddedTests/Info.plist;
				IPHONEOS_DEPLOYMENT_TARGET = 13.2;
				LD_RUNPATH_SEARCH_PATHS = (
					"$(inherited)",
					"@executable_path/Frameworks",
					"@loader_path/Frameworks",
				);
				PRODUCT_BUNDLE_IDENTIFIER = "uk.co.bbc.emma.walker02.GCDWebServer-EmbeddedTests";
				PRODUCT_NAME = "$(TARGET_NAME)";
				SWIFT_VERSION = 5.0;
				TARGETED_DEVICE_FAMILY = "1,2";
				TEST_HOST = "$(BUILT_PRODUCTS_DIR)/GCDWebServer_Embedded.app/GCDWebServer_Embedded";
			};
			name = Debug;
		};
		980F8D28240D0480007AD962 /* Release */ = {
			isa = XCBuildConfiguration;
			baseConfigurationReference = 16FFE90C532D7D17B8E10893 /* Pods-GCDWebServer_EmbeddedTests.release.xcconfig */;
			buildSettings = {
				ALWAYS_EMBED_SWIFT_STANDARD_LIBRARIES = YES;
				BUNDLE_LOADER = "$(TEST_HOST)";
				CODE_SIGN_STYLE = Automatic;
				DEVELOPMENT_TEAM = Y983APTU2S;
				INFOPLIST_FILE = GCDWebServer_EmbeddedTests/Info.plist;
				IPHONEOS_DEPLOYMENT_TARGET = 13.2;
				LD_RUNPATH_SEARCH_PATHS = (
					"$(inherited)",
					"@executable_path/Frameworks",
					"@loader_path/Frameworks",
				);
				PRODUCT_BUNDLE_IDENTIFIER = "uk.co.bbc.emma.walker02.GCDWebServer-EmbeddedTests";
				PRODUCT_NAME = "$(TARGET_NAME)";
				SWIFT_VERSION = 5.0;
				TARGETED_DEVICE_FAMILY = "1,2";
				TEST_HOST = "$(BUILT_PRODUCTS_DIR)/GCDWebServer_Embedded.app/GCDWebServer_Embedded";
			};
			name = Release;
		};
		980F8D2A240D0480007AD962 /* Debug */ = {
			isa = XCBuildConfiguration;
			baseConfigurationReference = 23DE2C98054EA7509D3DE6FC /* Pods-GCDWebServer_Embedded-GCDWebServer_EmbeddedUITests.debug.xcconfig */;
			buildSettings = {
				ALWAYS_EMBED_SWIFT_STANDARD_LIBRARIES = YES;
				CODE_SIGN_STYLE = Automatic;
				DEVELOPMENT_TEAM = Y983APTU2S;
				INFOPLIST_FILE = GCDWebServer_EmbeddedUITests/Info.plist;
				LD_RUNPATH_SEARCH_PATHS = (
					"$(inherited)",
					"@executable_path/Frameworks",
					"@loader_path/Frameworks",
				);
				PRODUCT_BUNDLE_IDENTIFIER = "uk.co.bbc.emma.walker02.GCDWebServer-EmbeddedUITests";
				PRODUCT_NAME = "$(TARGET_NAME)";
				SWIFT_VERSION = 5.0;
				TARGETED_DEVICE_FAMILY = "1,2";
				TEST_TARGET_NAME = GCDWebServer_Embedded;
			};
			name = Debug;
		};
		980F8D2B240D0480007AD962 /* Release */ = {
			isa = XCBuildConfiguration;
			baseConfigurationReference = 607106E3059DEAB5F2429F64 /* Pods-GCDWebServer_Embedded-GCDWebServer_EmbeddedUITests.release.xcconfig */;
			buildSettings = {
				ALWAYS_EMBED_SWIFT_STANDARD_LIBRARIES = YES;
				CODE_SIGN_STYLE = Automatic;
				DEVELOPMENT_TEAM = Y983APTU2S;
				INFOPLIST_FILE = GCDWebServer_EmbeddedUITests/Info.plist;
				LD_RUNPATH_SEARCH_PATHS = (
					"$(inherited)",
					"@executable_path/Frameworks",
					"@loader_path/Frameworks",
				);
				PRODUCT_BUNDLE_IDENTIFIER = "uk.co.bbc.emma.walker02.GCDWebServer-EmbeddedUITests";
				PRODUCT_NAME = "$(TARGET_NAME)";
				SWIFT_VERSION = 5.0;
				TARGETED_DEVICE_FAMILY = "1,2";
				TEST_TARGET_NAME = GCDWebServer_Embedded;
			};
			name = Release;
		};
/* End XCBuildConfiguration section */

/* Begin XCConfigurationList section */
		980F8CF4240D047E007AD962 /* Build configuration list for PBXProject "GCDWebServer_Embedded" */ = {
			isa = XCConfigurationList;
			buildConfigurations = (
				980F8D21240D0480007AD962 /* Debug */,
				980F8D22240D0480007AD962 /* Release */,
			);
			defaultConfigurationIsVisible = 0;
			defaultConfigurationName = Release;
		};
		980F8D23240D0480007AD962 /* Build configuration list for PBXNativeTarget "GCDWebServer_Embedded" */ = {
			isa = XCConfigurationList;
			buildConfigurations = (
				980F8D24240D0480007AD962 /* Debug */,
				980F8D25240D0480007AD962 /* Release */,
			);
			defaultConfigurationIsVisible = 0;
			defaultConfigurationName = Release;
		};
		980F8D26240D0480007AD962 /* Build configuration list for PBXNativeTarget "GCDWebServer_EmbeddedTests" */ = {
			isa = XCConfigurationList;
			buildConfigurations = (
				980F8D27240D0480007AD962 /* Debug */,
				980F8D28240D0480007AD962 /* Release */,
			);
			defaultConfigurationIsVisible = 0;
			defaultConfigurationName = Release;
		};
		980F8D29240D0480007AD962 /* Build configuration list for PBXNativeTarget "GCDWebServer_EmbeddedUITests" */ = {
			isa = XCConfigurationList;
			buildConfigurations = (
				980F8D2A240D0480007AD962 /* Debug */,
				980F8D2B240D0480007AD962 /* Release */,
			);
			defaultConfigurationIsVisible = 0;
			defaultConfigurationName = Release;
		};
/* End XCConfigurationList section */
	};
	rootObject = 980F8CF1240D047E007AD962 /* Project object */;
}
